// !$*UTF8*$!
{
	archiveVersion = 1;
	classes = {
	};
	objectVersion = 56;
	objects = {

/* Begin PBXBuildFile section */
		361708322A0941EB009E541D /* UsDef.swift in Sources */ = {isa = PBXBuildFile; fileRef = 361708312A0941EB009E541D /* UsDef.swift */; };
		361708342A094571009E541D /* DetailViewController.swift in Sources */ = {isa = PBXBuildFile; fileRef = 361708332A094571009E541D /* DetailViewController.swift */; };
		361708362A095008009E541D /* FavoriteTableViewCel.swift in Sources */ = {isa = PBXBuildFile; fileRef = 361708352A095008009E541D /* FavoriteTableViewCel.swift */; };
		36A230F129FA87AB00D525AB /* AppDelegate.swift in Sources */ = {isa = PBXBuildFile; fileRef = 36A230F029FA87AB00D525AB /* AppDelegate.swift */; };
		36A230F329FA87AB00D525AB /* SceneDelegate.swift in Sources */ = {isa = PBXBuildFile; fileRef = 36A230F229FA87AB00D525AB /* SceneDelegate.swift */; };
		36A230F529FA87AB00D525AB /* ViewController.swift in Sources */ = {isa = PBXBuildFile; fileRef = 36A230F429FA87AB00D525AB /* ViewController.swift */; };
		36A230F829FA87AB00D525AB /* Main.storyboard in Resources */ = {isa = PBXBuildFile; fileRef = 36A230F629FA87AB00D525AB /* Main.storyboard */; };
		36A230FA29FA87B100D525AB /* Assets.xcassets in Resources */ = {isa = PBXBuildFile; fileRef = 36A230F929FA87B100D525AB /* Assets.xcassets */; };
		36A230FD29FA87B100D525AB /* LaunchScreen.storyboard in Resources */ = {isa = PBXBuildFile; fileRef = 36A230FB29FA87B100D525AB /* LaunchScreen.storyboard */; };
		36A2310729FABAE800D525AB /* MainModel.swift in Sources */ = {isa = PBXBuildFile; fileRef = 36A2310629FABAE800D525AB /* MainModel.swift */; };
		36A2310929FABAF700D525AB /* MainController.swift in Sources */ = {isa = PBXBuildFile; fileRef = 36A2310829FABAF700D525AB /* MainController.swift */; };
		36A2310B29FABB0A00D525AB /* ProductCell.swift in Sources */ = {isa = PBXBuildFile; fileRef = 36A2310A29FABB0A00D525AB /* ProductCell.swift */; };
		36A2310E29FABB3D00D525AB /* NetworkManager.swift in Sources */ = {isa = PBXBuildFile; fileRef = 36A2310D29FABB3D00D525AB /* NetworkManager.swift */; };
		36A2311129FABB5C00D525AB /* FavoriteViewController.swift in Sources */ = {isa = PBXBuildFile; fileRef = 36A2311029FABB5C00D525AB /* FavoriteViewController.swift */; };
		36A2311329FABB7400D525AB /* TabBarController.swift in Sources */ = {isa = PBXBuildFile; fileRef = 36A2311229FABB7400D525AB /* TabBarController.swift */; };
		91FFE038B08B75CFAC241F51 /* Pods_hw6month4.framework in Frameworks */ = {isa = PBXBuildFile; fileRef = 604B87CB538B83F94CBB3E26 /* Pods_hw6month4.framework */; };
/* End PBXBuildFile section */

/* Begin PBXFileReference section */
		2C836FD4B88A0DEE6E98B7AE /* Pods-hw6month4.debug.xcconfig */ = {isa = PBXFileReference; includeInIndex = 1; lastKnownFileType = text.xcconfig; name = "Pods-hw6month4.debug.xcconfig"; path = "Target Support Files/Pods-hw6month4/Pods-hw6month4.debug.xcconfig"; sourceTree = "<group>"; };
		361708312A0941EB009E541D /* UsDef.swift */ = {isa = PBXFileReference; lastKnownFileType = sourcecode.swift; path = UsDef.swift; sourceTree = "<group>"; };
		361708332A094571009E541D /* DetailViewController.swift */ = {isa = PBXFileReference; lastKnownFileType = sourcecode.swift; path = DetailViewController.swift; sourceTree = "<group>"; };
		361708352A095008009E541D /* FavoriteTableViewCel.swift */ = {isa = PBXFileReference; lastKnownFileType = sourcecode.swift; path = FavoriteTableViewCel.swift; sourceTree = "<group>"; };
		36A230ED29FA87AB00D525AB /* hw6month4.app */ = {isa = PBXFileReference; explicitFileType = wrapper.application; includeInIndex = 0; path = hw6month4.app; sourceTree = BUILT_PRODUCTS_DIR; };
		36A230F029FA87AB00D525AB /* AppDelegate.swift */ = {isa = PBXFileReference; lastKnownFileType = sourcecode.swift; path = AppDelegate.swift; sourceTree = "<group>"; };
		36A230F229FA87AB00D525AB /* SceneDelegate.swift */ = {isa = PBXFileReference; lastKnownFileType = sourcecode.swift; path = SceneDelegate.swift; sourceTree = "<group>"; };
		36A230F429FA87AB00D525AB /* ViewController.swift */ = {isa = PBXFileReference; lastKnownFileType = sourcecode.swift; path = ViewController.swift; sourceTree = "<group>"; };
		36A230F729FA87AB00D525AB /* Base */ = {isa = PBXFileReference; lastKnownFileType = file.storyboard; name = Base; path = Base.lproj/Main.storyboard; sourceTree = "<group>"; };
		36A230F929FA87B100D525AB /* Assets.xcassets */ = {isa = PBXFileReference; lastKnownFileType = folder.assetcatalog; path = Assets.xcassets; sourceTree = "<group>"; };
		36A230FC29FA87B100D525AB /* Base */ = {isa = PBXFileReference; lastKnownFileType = file.storyboard; name = Base; path = Base.lproj/LaunchScreen.storyboard; sourceTree = "<group>"; };
		36A230FE29FA87B100D525AB /* Info.plist */ = {isa = PBXFileReference; lastKnownFileType = text.plist.xml; path = Info.plist; sourceTree = "<group>"; };
		36A2310629FABAE800D525AB /* MainModel.swift */ = {isa = PBXFileReference; lastKnownFileType = sourcecode.swift; path = MainModel.swift; sourceTree = "<group>"; };
		36A2310829FABAF700D525AB /* MainController.swift */ = {isa = PBXFileReference; lastKnownFileType = sourcecode.swift; path = MainController.swift; sourceTree = "<group>"; };
		36A2310A29FABB0A00D525AB /* ProductCell.swift */ = {isa = PBXFileReference; lastKnownFileType = sourcecode.swift; path = ProductCell.swift; sourceTree = "<group>"; };
		36A2310D29FABB3D00D525AB /* NetworkManager.swift */ = {isa = PBXFileReference; lastKnownFileType = sourcecode.swift; path = NetworkManager.swift; sourceTree = "<group>"; };
		36A2311029FABB5C00D525AB /* FavoriteViewController.swift */ = {isa = PBXFileReference; lastKnownFileType = sourcecode.swift; path = FavoriteViewController.swift; sourceTree = "<group>"; };
		36A2311229FABB7400D525AB /* TabBarController.swift */ = {isa = PBXFileReference; lastKnownFileType = sourcecode.swift; path = TabBarController.swift; sourceTree = "<group>"; };
		604B87CB538B83F94CBB3E26 /* Pods_hw6month4.framework */ = {isa = PBXFileReference; explicitFileType = wrapper.framework; includeInIndex = 0; path = Pods_hw6month4.framework; sourceTree = BUILT_PRODUCTS_DIR; };
		E3BE2C55FDAC91F99FB8B599 /* Pods-hw6month4.release.xcconfig */ = {isa = PBXFileReference; includeInIndex = 1; lastKnownFileType = text.xcconfig; name = "Pods-hw6month4.release.xcconfig"; path = "Target Support Files/Pods-hw6month4/Pods-hw6month4.release.xcconfig"; sourceTree = "<group>"; };
/* End PBXFileReference section */

/* Begin PBXFrameworksBuildPhase section */
		36A230EA29FA87AB00D525AB /* Frameworks */ = {
			isa = PBXFrameworksBuildPhase;
			buildActionMask = 2147483647;
			files = (
				91FFE038B08B75CFAC241F51 /* Pods_hw6month4.framework in Frameworks */,
			);
			runOnlyForDeploymentPostprocessing = 0;
		};
/* End PBXFrameworksBuildPhase section */

/* Begin PBXGroup section */
		36A230E429FA87AB00D525AB = {
			isa = PBXGroup;
			children = (
				36A230EF29FA87AB00D525AB /* hw6month4 */,
				36A230EE29FA87AB00D525AB /* Products */,
				838F36D32B1C315557867502 /* Pods */,
				D5BB89ABC47A20B2AE78E779 /* Frameworks */,
			);
			sourceTree = "<group>";
		};
		36A230EE29FA87AB00D525AB /* Products */ = {
			isa = PBXGroup;
			children = (
				36A230ED29FA87AB00D525AB /* hw6month4.app */,
			);
			name = Products;
			sourceTree = "<group>";
		};
		36A230EF29FA87AB00D525AB /* hw6month4 */ = {
			isa = PBXGroup;
			children = (
				36A2310F29FABB4400D525AB /* Favorite */,
				36A2310C29FABB2600D525AB /* NetworkManager */,
				36A2310529FABAD400D525AB /* Main */,
				36A2310429FABAA100D525AB /* AppDelegate */,
				36A230FE29FA87B100D525AB /* Info.plist */,
				36A2311229FABB7400D525AB /* TabBarController.swift */,
				361708312A0941EB009E541D /* UsDef.swift */,
				361708332A094571009E541D /* DetailViewController.swift */,
			);
			path = hw6month4;
			sourceTree = "<group>";
		};
		36A2310429FABAA100D525AB /* AppDelegate */ = {
			isa = PBXGroup;
			children = (
				36A230F029FA87AB00D525AB /* AppDelegate.swift */,
				36A230F229FA87AB00D525AB /* SceneDelegate.swift */,
				36A230F629FA87AB00D525AB /* Main.storyboard */,
				36A230F929FA87B100D525AB /* Assets.xcassets */,
				36A230FB29FA87B100D525AB /* LaunchScreen.storyboard */,
			);
			path = AppDelegate;
			sourceTree = "<group>";
		};
		36A2310529FABAD400D525AB /* Main */ = {
			isa = PBXGroup;
			children = (
				36A230F429FA87AB00D525AB /* ViewController.swift */,
				36A2310629FABAE800D525AB /* MainModel.swift */,
				36A2310829FABAF700D525AB /* MainController.swift */,
				36A2310A29FABB0A00D525AB /* ProductCell.swift */,
			);
			path = Main;
			sourceTree = "<group>";
		};
		36A2310C29FABB2600D525AB /* NetworkManager */ = {
			isa = PBXGroup;
			children = (
				36A2310D29FABB3D00D525AB /* NetworkManager.swift */,
			);
			path = NetworkManager;
			sourceTree = "<group>";
		};
		36A2310F29FABB4400D525AB /* Favorite */ = {
			isa = PBXGroup;
			children = (
				36A2311029FABB5C00D525AB /* FavoriteViewController.swift */,
				361708352A095008009E541D /* FavoriteTableViewCel.swift */,
			);
			path = Favorite;
			sourceTree = "<group>";
		};
		838F36D32B1C315557867502 /* Pods */ = {
			isa = PBXGroup;
			children = (
				2C836FD4B88A0DEE6E98B7AE /* Pods-hw6month4.debug.xcconfig */,
				E3BE2C55FDAC91F99FB8B599 /* Pods-hw6month4.release.xcconfig */,
			);
			path = Pods;
			sourceTree = "<group>";
		};
		D5BB89ABC47A20B2AE78E779 /* Frameworks */ = {
			isa = PBXGroup;
			children = (
				604B87CB538B83F94CBB3E26 /* Pods_hw6month4.framework */,
			);
			name = Frameworks;
			sourceTree = "<group>";
		};
/* End PBXGroup section */

/* Begin PBXNativeTarget section */
		36A230EC29FA87AB00D525AB /* hw6month4 */ = {
			isa = PBXNativeTarget;
			buildConfigurationList = 36A2310129FA87B100D525AB /* Build configuration list for PBXNativeTarget "hw6month4" */;
			buildPhases = (
				96BC9298B179E2F45DDE1FC3 /* [CP] Check Pods Manifest.lock */,
				36A230E929FA87AB00D525AB /* Sources */,
				36A230EA29FA87AB00D525AB /* Frameworks */,
				36A230EB29FA87AB00D525AB /* Resources */,
				7202964443CF2D311A797636 /* [CP] Embed Pods Frameworks */,
			);
			buildRules = (
			);
			dependencies = (
			);
			name = hw6month4;
			productName = hw6month4;
			productReference = 36A230ED29FA87AB00D525AB /* hw6month4.app */;
			productType = "com.apple.product-type.application";
		};
/* End PBXNativeTarget section */

/* Begin PBXProject section */
		36A230E529FA87AB00D525AB /* Project object */ = {
			isa = PBXProject;
			attributes = {
				BuildIndependentTargetsInParallel = 1;
				LastSwiftUpdateCheck = 1400;
				LastUpgradeCheck = 1400;
				TargetAttributes = {
					36A230EC29FA87AB00D525AB = {
						CreatedOnToolsVersion = 14.0.1;
					};
				};
			};
			buildConfigurationList = 36A230E829FA87AB00D525AB /* Build configuration list for PBXProject "hw6month4" */;
			compatibilityVersion = "Xcode 14.0";
			developmentRegion = en;
			hasScannedForEncodings = 0;
			knownRegions = (
				en,
				Base,
			);
			mainGroup = 36A230E429FA87AB00D525AB;
			productRefGroup = 36A230EE29FA87AB00D525AB /* Products */;
			projectDirPath = "";
			projectRoot = "";
			targets = (
				36A230EC29FA87AB00D525AB /* hw6month4 */,
			);
		};
/* End PBXProject section */

/* Begin PBXResourcesBuildPhase section */
		36A230EB29FA87AB00D525AB /* Resources */ = {
			isa = PBXResourcesBuildPhase;
			buildActionMask = 2147483647;
			files = (
				36A230FD29FA87B100D525AB /* LaunchScreen.storyboard in Resources */,
				36A230FA29FA87B100D525AB /* Assets.xcassets in Resources */,
				36A230F829FA87AB00D525AB /* Main.storyboard in Resources */,
			);
			runOnlyForDeploymentPostprocessing = 0;
		};
/* End PBXResourcesBuildPhase section */

/* Begin PBXShellScriptBuildPhase section */
		7202964443CF2D311A797636 /* [CP] Embed Pods Frameworks */ = {
			isa = PBXShellScriptBuildPhase;
			buildActionMask = 2147483647;
			files = (
			);
			inputFileListPaths = (
				"${PODS_ROOT}/Target Support Files/Pods-hw6month4/Pods-hw6month4-frameworks-${CONFIGURATION}-input-files.xcfilelist",
			);
			name = "[CP] Embed Pods Frameworks";
			outputFileListPaths = (
				"${PODS_ROOT}/Target Support Files/Pods-hw6month4/Pods-hw6month4-frameworks-${CONFIGURATION}-output-files.xcfilelist",
			);
			runOnlyForDeploymentPostprocessing = 0;
			shellPath = /bin/sh;
			shellScript = "\"${PODS_ROOT}/Target Support Files/Pods-hw6month4/Pods-hw6month4-frameworks.sh\"\n";
			showEnvVarsInLog = 0;
		};
		96BC9298B179E2F45DDE1FC3 /* [CP] Check Pods Manifest.lock */ = {
			isa = PBXShellScriptBuildPhase;
			buildActionMask = 2147483647;
			files = (
			);
			inputFileListPaths = (
			);
			inputPaths = (
				"${PODS_PODFILE_DIR_PATH}/Podfile.lock",
				"${PODS_ROOT}/Manifest.lock",
			);
			name = "[CP] Check Pods Manifest.lock";
			outputFileListPaths = (
			);
			outputPaths = (
				"$(DERIVED_FILE_DIR)/Pods-hw6month4-checkManifestLockResult.txt",
			);
			runOnlyForDeploymentPostprocessing = 0;
			shellPath = /bin/sh;
			shellScript = "diff \"${PODS_PODFILE_DIR_PATH}/Podfile.lock\" \"${PODS_ROOT}/Manifest.lock\" > /dev/null\nif [ $? != 0 ] ; then\n    # print error to STDERR\n    echo \"error: The sandbox is not in sync with the Podfile.lock. Run 'pod install' or update your CocoaPods installation.\" >&2\n    exit 1\nfi\n# This output is used by Xcode 'outputs' to avoid re-running this script phase.\necho \"SUCCESS\" > \"${SCRIPT_OUTPUT_FILE_0}\"\n";
			showEnvVarsInLog = 0;
		};
/* End PBXShellScriptBuildPhase section */

/* Begin PBXSourcesBuildPhase section */
		36A230E929FA87AB00D525AB /* Sources */ = {
			isa = PBXSourcesBuildPhase;
			buildActionMask = 2147483647;
			files = (
				361708342A094571009E541D /* DetailViewController.swift in Sources */,
				36A2310729FABAE800D525AB /* MainModel.swift in Sources */,
				36A230F529FA87AB00D525AB /* ViewController.swift in Sources */,
				36A230F129FA87AB00D525AB /* AppDelegate.swift in Sources */,
				36A2311329FABB7400D525AB /* TabBarController.swift in Sources */,
				36A2310E29FABB3D00D525AB /* NetworkManager.swift in Sources */,
				361708322A0941EB009E541D /* UsDef.swift in Sources */,
				36A2310B29FABB0A00D525AB /* ProductCell.swift in Sources */,
				361708362A095008009E541D /* FavoriteTableViewCel.swift in Sources */,
				36A230F329FA87AB00D525AB /* SceneDelegate.swift in Sources */,
				36A2311129FABB5C00D525AB /* FavoriteViewController.swift in Sources */,
				36A2310929FABAF700D525AB /* MainController.swift in Sources */,
			);
			runOnlyForDeploymentPostprocessing = 0;
		};
/* End PBXSourcesBuildPhase section */

/* Begin PBXVariantGroup section */
		36A230F629FA87AB00D525AB /* Main.storyboard */ = {
			isa = PBXVariantGroup;
			children = (
				36A230F729FA87AB00D525AB /* Base */,
			);
			name = Main.storyboard;
			sourceTree = "<group>";
		};
		36A230FB29FA87B100D525AB /* LaunchScreen.storyboard */ = {
			isa = PBXVariantGroup;
			children = (
				36A230FC29FA87B100D525AB /* Base */,
			);
			name = LaunchScreen.storyboard;
			sourceTree = "<group>";
		};
/* End PBXVariantGroup section */

/* Begin XCBuildConfiguration section */
		36A230FF29FA87B100D525AB /* Debug */ = {
			isa = XCBuildConfiguration;
			buildSettings = {
				ALWAYS_SEARCH_USER_PATHS = NO;
				CLANG_ANALYZER_NONNULL = YES;
				CLANG_ANALYZER_NUMBER_OBJECT_CONVERSION = YES_AGGRESSIVE;
				CLANG_CXX_LANGUAGE_STANDARD = "gnu++20";
				CLANG_ENABLE_MODULES = YES;
				CLANG_ENABLE_OBJC_ARC = YES;
				CLANG_ENABLE_OBJC_WEAK = YES;
				CLANG_WARN_BLOCK_CAPTURE_AUTORELEASING = YES;
				CLANG_WARN_BOOL_CONVERSION = YES;
				CLANG_WARN_COMMA = YES;
				CLANG_WARN_CONSTANT_CONVERSION = YES;
				CLANG_WARN_DEPRECATED_OBJC_IMPLEMENTATIONS = YES;
				CLANG_WARN_DIRECT_OBJC_ISA_USAGE = YES_ERROR;
				CLANG_WARN_DOCUMENTATION_COMMENTS = YES;
				CLANG_WARN_EMPTY_BODY = YES;
				CLANG_WARN_ENUM_CONVERSION = YES;
				CLANG_WARN_INFINITE_RECURSION = YES;
				CLANG_WARN_INT_CONVERSION = YES;
				CLANG_WARN_NON_LITERAL_NULL_CONVERSION = YES;
				CLANG_WARN_OBJC_IMPLICIT_RETAIN_SELF = YES;
				CLANG_WARN_OBJC_LITERAL_CONVERSION = YES;
				CLANG_WARN_OBJC_ROOT_CLASS = YES_ERROR;
				CLANG_WARN_QUOTED_INCLUDE_IN_FRAMEWORK_HEADER = YES;
				CLANG_WARN_RANGE_LOOP_ANALYSIS = YES;
				CLANG_WARN_STRICT_PROTOTYPES = YES;
				CLANG_WARN_SUSPICIOUS_MOVE = YES;
				CLANG_WARN_UNGUARDED_AVAILABILITY = YES_AGGRESSIVE;
				CLANG_WARN_UNREACHABLE_CODE = YES;
				CLANG_WARN__DUPLICATE_METHOD_MATCH = YES;
				COPY_PHASE_STRIP = NO;
				DEBUG_INFORMATION_FORMAT = dwarf;
				ENABLE_STRICT_OBJC_MSGSEND = YES;
				ENABLE_TESTABILITY = YES;
				GCC_C_LANGUAGE_STANDARD = gnu11;
				GCC_DYNAMIC_NO_PIC = NO;
				GCC_NO_COMMON_BLOCKS = YES;
				GCC_OPTIMIZATION_LEVEL = 0;
				GCC_PREPROCESSOR_DEFINITIONS = (
					"DEBUG=1",
					"$(inherited)",
				);
				GCC_WARN_64_TO_32_BIT_CONVERSION = YES;
				GCC_WARN_ABOUT_RETURN_TYPE = YES_ERROR;
				GCC_WARN_UNDECLARED_SELECTOR = YES;
				GCC_WARN_UNINITIALIZED_AUTOS = YES_AGGRESSIVE;
				GCC_WARN_UNUSED_FUNCTION = YES;
				GCC_WARN_UNUSED_VARIABLE = YES;
				IPHONEOS_DEPLOYMENT_TARGET = 16.0;
				MTL_ENABLE_DEBUG_INFO = INCLUDE_SOURCE;
				MTL_FAST_MATH = YES;
				ONLY_ACTIVE_ARCH = YES;
				SDKROOT = iphoneos;
				SWIFT_ACTIVE_COMPILATION_CONDITIONS = DEBUG;
				SWIFT_OPTIMIZATION_LEVEL = "-Onone";
			};
			name = Debug;
		};
		36A2310029FA87B100D525AB /* Release */ = {
			isa = XCBuildConfiguration;
			buildSettings = {
				ALWAYS_SEARCH_USER_PATHS = NO;
				CLANG_ANALYZER_NONNULL = YES;
				CLANG_ANALYZER_NUMBER_OBJECT_CONVERSION = YES_AGGRESSIVE;
				CLANG_CXX_LANGUAGE_STANDARD = "gnu++20";
				CLANG_ENABLE_MODULES = YES;
				CLANG_ENABLE_OBJC_ARC = YES;
				CLANG_ENABLE_OBJC_WEAK = YES;
				CLANG_WARN_BLOCK_CAPTURE_AUTORELEASING = YES;
				CLANG_WARN_BOOL_CONVERSION = YES;
				CLANG_WARN_COMMA = YES;
				CLANG_WARN_CONSTANT_CONVERSION = YES;
				CLANG_WARN_DEPRECATED_OBJC_IMPLEMENTATIONS = YES;
				CLANG_WARN_DIRECT_OBJC_ISA_USAGE = YES_ERROR;
				CLANG_WARN_DOCUMENTATION_COMMENTS = YES;
				CLANG_WARN_EMPTY_BODY = YES;
				CLANG_WARN_ENUM_CONVERSION = YES;
				CLANG_WARN_INFINITE_RECURSION = YES;
				CLANG_WARN_INT_CONVERSION = YES;
				CLANG_WARN_NON_LITERAL_NULL_CONVERSION = YES;
				CLANG_WARN_OBJC_IMPLICIT_RETAIN_SELF = YES;
				CLANG_WARN_OBJC_LITERAL_CONVERSION = YES;
				CLANG_WARN_OBJC_ROOT_CLASS = YES_ERROR;
				CLANG_WARN_QUOTED_INCLUDE_IN_FRAMEWORK_HEADER = YES;
				CLANG_WARN_RANGE_LOOP_ANALYSIS = YES;
				CLANG_WARN_STRICT_PROTOTYPES = YES;
				CLANG_WARN_SUSPICIOUS_MOVE = YES;
				CLANG_WARN_UNGUARDED_AVAILABILITY = YES_AGGRESSIVE;
				CLANG_WARN_UNREACHABLE_CODE = YES;
				CLANG_WARN__DUPLICATE_METHOD_MATCH = YES;
				COPY_PHASE_STRIP = NO;
				DEBUG_INFORMATION_FORMAT = "dwarf-with-dsym";
				ENABLE_NS_ASSERTIONS = NO;
				ENABLE_STRICT_OBJC_MSGSEND = YES;
				GCC_C_LANGUAGE_STANDARD = gnu11;
				GCC_NO_COMMON_BLOCKS = YES;
				GCC_WARN_64_TO_32_BIT_CONVERSION = YES;
				GCC_WARN_ABOUT_RETURN_TYPE = YES_ERROR;
				GCC_WARN_UNDECLARED_SELECTOR = YES;
				GCC_WARN_UNINITIALIZED_AUTOS = YES_AGGRESSIVE;
				GCC_WARN_UNUSED_FUNCTION = YES;
				GCC_WARN_UNUSED_VARIABLE = YES;
				IPHONEOS_DEPLOYMENT_TARGET = 16.0;
				MTL_ENABLE_DEBUG_INFO = NO;
				MTL_FAST_MATH = YES;
				SDKROOT = iphoneos;
				SWIFT_COMPILATION_MODE = wholemodule;
				SWIFT_OPTIMIZATION_LEVEL = "-O";
				VALIDATE_PRODUCT = YES;
			};
			name = Release;
		};
		36A2310229FA87B100D525AB /* Debug */ = {
			isa = XCBuildConfiguration;
			baseConfigurationReference = 2C836FD4B88A0DEE6E98B7AE /* Pods-hw6month4.debug.xcconfig */;
			buildSettings = {
				ASSETCATALOG_COMPILER_APPICON_NAME = AppIcon;
				ASSETCATALOG_COMPILER_GLOBAL_ACCENT_COLOR_NAME = AccentColor;
				CODE_SIGN_STYLE = Automatic;
				CURRENT_PROJECT_VERSION = 1;
				GENERATE_INFOPLIST_FILE = YES;
				INFOPLIST_FILE = hw6month4/Info.plist;
				INFOPLIST_KEY_UIApplicationSupportsIndirectInputEvents = YES;
				INFOPLIST_KEY_UILaunchStoryboardName = LaunchScreen;
				INFOPLIST_KEY_UISupportedInterfaceOrientations_iPad = "UIInterfaceOrientationPortrait UIInterfaceOrientationPortraitUpsideDown UIInterfaceOrientationLandscapeLeft UIInterfaceOrientationLandscapeRight";
				INFOPLIST_KEY_UISupportedInterfaceOrientations_iPhone = "UIInterfaceOrientationPortrait UIInterfaceOrientationLandscapeLeft UIInterfaceOrientationLandscapeRight";
				LD_RUNPATH_SEARCH_PATHS = (
					"$(inherited)",
					"@executable_path/Frameworks",
				);
				MARKETING_VERSION = 1.0;
				PRODUCT_BUNDLE_IDENTIFIER = first.hw6month4;
				PRODUCT_NAME = "$(TARGET_NAME)";
				SWIFT_EMIT_LOC_STRINGS = YES;
				SWIFT_VERSION = 5.0;
				TARGETED_DEVICE_FAMILY = "1,2";
			};
			name = Debug;
		};
		36A2310329FA87B100D525AB /* Release */ = {
			isa = XCBuildConfiguration;
			baseConfigurationReference = E3BE2C55FDAC91F99FB8B599 /* Pods-hw6month4.release.xcconfig */;
			buildSettings = {
				ASSETCATALOG_COMPILER_APPICON_NAME = AppIcon;
				ASSETCATALOG_COMPILER_GLOBAL_ACCENT_COLOR_NAME = AccentColor;
				CODE_SIGN_STYLE = Automatic;
				CURRENT_PROJECT_VERSION = 1;
				GENERATE_INFOPLIST_FILE = YES;
				INFOPLIST_FILE = hw6month4/Info.plist;
				INFOPLIST_KEY_UIApplicationSupportsIndirectInputEvents = YES;
				INFOPLIST_KEY_UILaunchStoryboardName = LaunchScreen;
				INFOPLIST_KEY_UISupportedInterfaceOrientations_iPad = "UIInterfaceOrientationPortrait UIInterfaceOrientationPortraitUpsideDown UIInterfaceOrientationLandscapeLeft UIInterfaceOrientationLandscapeRight";
				INFOPLIST_KEY_UISupportedInterfaceOrientations_iPhone = "UIInterfaceOrientationPortrait UIInterfaceOrientationLandscapeLeft UIInterfaceOrientationLandscapeRight";
				LD_RUNPATH_SEARCH_PATHS = (
					"$(inherited)",
					"@executable_path/Frameworks",
				);
				MARKETING_VERSION = 1.0;
				PRODUCT_BUNDLE_IDENTIFIER = first.hw6month4;
				PRODUCT_NAME = "$(TARGET_NAME)";
				SWIFT_EMIT_LOC_STRINGS = YES;
				SWIFT_VERSION = 5.0;
				TARGETED_DEVICE_FAMILY = "1,2";
			};
			name = Release;
		};
/* End XCBuildConfiguration section */

/* Begin XCConfigurationList section */
		36A230E829FA87AB00D525AB /* Build configuration list for PBXProject "hw6month4" */ = {
			isa = XCConfigurationList;
			buildConfigurations = (
				36A230FF29FA87B100D525AB /* Debug */,
				36A2310029FA87B100D525AB /* Release */,
			);
			defaultConfigurationIsVisible = 0;
			defaultConfigurationName = Release;
		};
		36A2310129FA87B100D525AB /* Build configuration list for PBXNativeTarget "hw6month4" */ = {
			isa = XCConfigurationList;
			buildConfigurations = (
				36A2310229FA87B100D525AB /* Debug */,
				36A2310329FA87B100D525AB /* Release */,
			);
			defaultConfigurationIsVisible = 0;
			defaultConfigurationName = Release;
		};
/* End XCConfigurationList section */
	};
	rootObject = 36A230E529FA87AB00D525AB /* Project object */;
}
